// !$*UTF8*$!
{
	archiveVersion = 1;
	classes = {
	};
	objectVersion = 46;
	objects = {

/* Begin PBXBuildFile section */
		43FFDD8519FAA7F4003713B7 /* AppDelegate.swift in Sources */ = {isa = PBXBuildFile; fileRef = 43FFDD8419FAA7F4003713B7 /* AppDelegate.swift */; };
		43FFDD8719FAA7F4003713B7 /* ViewController.swift in Sources */ = {isa = PBXBuildFile; fileRef = 43FFDD8619FAA7F4003713B7 /* ViewController.swift */; };
		43FFDD8A19FAA7F4003713B7 /* Main.storyboard in Resources */ = {isa = PBXBuildFile; fileRef = 43FFDD8819FAA7F4003713B7 /* Main.storyboard */; };
		43FFDD8C19FAA7F4003713B7 /* Images.xcassets in Resources */ = {isa = PBXBuildFile; fileRef = 43FFDD8B19FAA7F4003713B7 /* Images.xcassets */; };
		43FFDD8F19FAA7F4003713B7 /* LaunchScreen.xib in Resources */ = {isa = PBXBuildFile; fileRef = 43FFDD8D19FAA7F4003713B7 /* LaunchScreen.xib */; };
		43FFDD9B19FAA7F4003713B7 /* PostcardTests.swift in Sources */ = {isa = PBXBuildFile; fileRef = 43FFDD9A19FAA7F4003713B7 /* PostcardTests.swift */; };
/* End PBXBuildFile section */

/* Begin PBXContainerItemProxy section */
		43FFDD9519FAA7F4003713B7 /* PBXContainerItemProxy */ = {
			isa = PBXContainerItemProxy;
			containerPortal = 43FFDD7719FAA7F4003713B7 /* Project object */;
			proxyType = 1;
			remoteGlobalIDString = 43FFDD7E19FAA7F4003713B7;
			remoteInfo = Postcard;
		};
/* End PBXContainerItemProxy section */

/* Begin PBXFileReference section */
		43FFDD7F19FAA7F4003713B7 /* Postcard.app */ = {isa = PBXFileReference; explicitFileType = wrapper.application; includeInIndex = 0; path = Postcard.app; sourceTree = BUILT_PRODUCTS_DIR; };
		43FFDD8319FAA7F4003713B7 /* Info.plist */ = {isa = PBXFileReference; lastKnownFileType = text.plist.xml; path = Info.plist; sourceTree = "<group>"; };
		43FFDD8419FAA7F4003713B7 /* AppDelegate.swift */ = {isa = PBXFileReference; lastKnownFileType = sourcecode.swift; path = AppDelegate.swift; sourceTree = "<group>"; };
		43FFDD8619FAA7F4003713B7 /* ViewController.swift */ = {isa = PBXFileReference; lastKnownFileType = sourcecode.swift; path = ViewController.swift; sourceTree = "<group>"; };
		43FFDD8919FAA7F4003713B7 /* Base */ = {isa = PBXFileReference; lastKnownFileType = file.storyboard; name = Base; path = Base.lproj/Main.storyboard; sourceTree = "<group>"; };
		43FFDD8B19FAA7F4003713B7 /* Images.xcassets */ = {isa = PBXFileReference; lastKnownFileType = folder.assetcatalog; path = Images.xcassets; sourceTree = "<group>"; };
		43FFDD8E19FAA7F4003713B7 /* Base */ = {isa = PBXFileReference; lastKnownFileType = file.xib; name = Base; path = Base.lproj/LaunchScreen.xib; sourceTree = "<group>"; };
		43FFDD9419FAA7F4003713B7 /* PostcardTests.xctest */ = {isa = PBXFileReference; explicitFileType = wrapper.cfbundle; includeInIndex = 0; path = PostcardTests.xctest; sourceTree = BUILT_PRODUCTS_DIR; };
		43FFDD9919FAA7F4003713B7 /* Info.plist */ = {isa = PBXFileReference; lastKnownFileType = text.plist.xml; path = Info.plist; sourceTree = "<group>"; };
		43FFDD9A19FAA7F4003713B7 /* PostcardTests.swift */ = {isa = PBXFileReference; lastKnownFileType = sourcecode.swift; path = PostcardTests.swift; sourceTree = "<group>"; };
/* End PBXFileReference section */

/* Begin PBXFrameworksBuildPhase section */
		43FFDD7C19FAA7F4003713B7 /* Frameworks */ = {
			isa = PBXFrameworksBuildPhase;
			buildActionMask = 2147483647;
			files = (
			);
			runOnlyForDeploymentPostprocessing = 0;
		};
		43FFDD9119FAA7F4003713B7 /* Frameworks */ = {
			isa = PBXFrameworksBuildPhase;
			buildActionMask = 2147483647;
			files = (
			);
			runOnlyForDeploymentPostprocessing = 0;
		};
/* End PBXFrameworksBuildPhase section */

/* Begin PBXGroup section */
		43FFDD7619FAA7F4003713B7 = {
			isa = PBXGroup;
			children = (
				43FFDD8119FAA7F4003713B7 /* Postcard */,
				43FFDD9719FAA7F4003713B7 /* PostcardTests */,
				43FFDD8019FAA7F4003713B7 /* Products */,
			);
			sourceTree = "<group>";
		};
		43FFDD8019FAA7F4003713B7 /* Products */ = {
			isa = PBXGroup;
			children = (
				43FFDD7F19FAA7F4003713B7 /* Postcard.app */,
				43FFDD9419FAA7F4003713B7 /* PostcardTests.xctest */,
			);
			name = Products;
			sourceTree = "<group>";
		};
		43FFDD8119FAA7F4003713B7 /* Postcard */ = {
			isa = PBXGroup;
			children = (
				43FFDD8419FAA7F4003713B7 /* AppDelegate.swift */,
				43FFDD8619FAA7F4003713B7 /* ViewController.swift */,
				43FFDD8819FAA7F4003713B7 /* Main.storyboard */,
				43FFDD8B19FAA7F4003713B7 /* Images.xcassets */,
				43FFDD8D19FAA7F4003713B7 /* LaunchScreen.xib */,
				43FFDD8219FAA7F4003713B7 /* Supporting Files */,
			);
			path = Postcard;
			sourceTree = "<group>";
		};
		43FFDD8219FAA7F4003713B7 /* Supporting Files */ = {
			isa = PBXGroup;
			children = (
				43FFDD8319FAA7F4003713B7 /* Info.plist */,
			);
			name = "Supporting Files";
			sourceTree = "<group>";
		};
		43FFDD9719FAA7F4003713B7 /* PostcardTests */ = {
			isa = PBXGroup;
			children = (
				43FFDD9A19FAA7F4003713B7 /* PostcardTests.swift */,
				43FFDD9819FAA7F4003713B7 /* Supporting Files */,
			);
			path = PostcardTests;
			sourceTree = "<group>";
		};
		43FFDD9819FAA7F4003713B7 /* Supporting Files */ = {
			isa = PBXGroup;
			children = (
				43FFDD9919FAA7F4003713B7 /* Info.plist */,
			);
			name = "Supporting Files";
			sourceTree = "<group>";
		};
/* End PBXGroup section */

/* Begin PBXNativeTarget section */
		43FFDD7E19FAA7F4003713B7 /* Postcard */ = {
			isa = PBXNativeTarget;
			buildConfigurationList = 43FFDD9E19FAA7F4003713B7 /* Build configuration list for PBXNativeTarget "Postcard" */;
			buildPhases = (
				43FFDD7B19FAA7F4003713B7 /* Sources */,
				43FFDD7C19FAA7F4003713B7 /* Frameworks */,
				43FFDD7D19FAA7F4003713B7 /* Resources */,
			);
			buildRules = (
			);
			dependencies = (
			);
			name = Postcard;
			productName = Postcard;
			productReference = 43FFDD7F19FAA7F4003713B7 /* Postcard.app */;
			productType = "com.apple.product-type.application";
		};
		43FFDD9319FAA7F4003713B7 /* PostcardTests */ = {
			isa = PBXNativeTarget;
			buildConfigurationList = 43FFDDA119FAA7F4003713B7 /* Build configuration list for PBXNativeTarget "PostcardTests" */;
			buildPhases = (
				43FFDD9019FAA7F4003713B7 /* Sources */,
				43FFDD9119FAA7F4003713B7 /* Frameworks */,
				43FFDD9219FAA7F4003713B7 /* Resources */,
			);
			buildRules = (
			);
			dependencies = (
				43FFDD9619FAA7F4003713B7 /* PBXTargetDependency */,
			);
			name = PostcardTests;
			productName = PostcardTests;
			productReference = 43FFDD9419FAA7F4003713B7 /* PostcardTests.xctest */;
			productType = "com.apple.product-type.bundle.unit-test";
		};
/* End PBXNativeTarget section */

/* Begin PBXProject section */
		43FFDD7719FAA7F4003713B7 /* Project object */ = {
			isa = PBXProject;
			attributes = {
				LastUpgradeCheck = 0610;
				ORGANIZATIONNAME = Bitfountain;
				TargetAttributes = {
					43FFDD7E19FAA7F4003713B7 = {
						CreatedOnToolsVersion = 6.1;
					};
					43FFDD9319FAA7F4003713B7 = {
						CreatedOnToolsVersion = 6.1;
						TestTargetID = 43FFDD7E19FAA7F4003713B7;
					};
				};
			};
			buildConfigurationList = 43FFDD7A19FAA7F4003713B7 /* Build configuration list for PBXProject "Postcard" */;
			compatibilityVersion = "Xcode 3.2";
			developmentRegion = English;
			hasScannedForEncodings = 0;
			knownRegions = (
				en,
				Base,
			);
			mainGroup = 43FFDD7619FAA7F4003713B7;
			productRefGroup = 43FFDD8019FAA7F4003713B7 /* Products */;
			projectDirPath = "";
			projectRoot = "";
			targets = (
				43FFDD7E19FAA7F4003713B7 /* Postcard */,
				43FFDD9319FAA7F4003713B7 /* PostcardTests */,
			);
		};
/* End PBXProject section */

/* Begin PBXResourcesBuildPhase section */
		43FFDD7D19FAA7F4003713B7 /* Resources */ = {
			isa = PBXResourcesBuildPhase;
			buildActionMask = 2147483647;
			files = (
				43FFDD8A19FAA7F4003713B7 /* Main.storyboard in Resources */,
				43FFDD8F19FAA7F4003713B7 /* LaunchScreen.xib in Resources */,
				43FFDD8C19FAA7F4003713B7 /* Images.xcassets in Resources */,
			);
			runOnlyForDeploymentPostprocessing = 0;
		};
		43FFDD9219FAA7F4003713B7 /* Resources */ = {
			isa = PBXResourcesBuildPhase;
			buildActionMask = 2147483647;
			files = (
			);
			runOnlyForDeploymentPostprocessing = 0;
		};
/* End PBXResourcesBuildPhase section */

/* Begin PBXSourcesBuildPhase section */
		43FFDD7B19FAA7F4003713B7 /* Sources */ = {
			isa = PBXSourcesBuildPhase;
			buildActionMask = 2147483647;
			files = (
				43FFDD8719FAA7F4003713B7 /* ViewController.swift in Sources */,
				43FFDD8519FAA7F4003713B7 /* AppDelegate.swift in Sources */,
			);
			runOnlyForDeploymentPostprocessing = 0;
		};
		43FFDD9019FAA7F4003713B7 /* Sources */ = {
			isa = PBXSourcesBuildPhase;
			buildActionMask = 2147483647;
			files = (
				43FFDD9B19FAA7F4003713B7 /* PostcardTests.swift in Sources */,
			);
			runOnlyForDeploymentPostprocessing = 0;
		};
/* End PBXSourcesBuildPhase section */

/* Begin PBXTargetDependency section */
		43FFDD9619FAA7F4003713B7 /* PBXTargetDependency */ = {
			isa = PBXTargetDependency;
			target = 43FFDD7E19FAA7F4003713B7 /* Postcard */;
			targetProxy = 43FFDD9519FAA7F4003713B7 /* PBXContainerItemProxy */;
		};
/* End PBXTargetDependency section */

/* Begin PBXVariantGroup section */
		43FFDD8819FAA7F4003713B7 /* Main.storyboard */ = {
			isa = PBXVariantGroup;
			children = (
				43FFDD8919FAA7F4003713B7 /* Base */,
			);
			name = Main.storyboard;
			sourceTree = "<group>";
		};
		43FFDD8D19FAA7F4003713B7 /* LaunchScreen.xib */ = {
			isa = PBXVariantGroup;
			children = (
				43FFDD8E19FAA7F4003713B7 /* Base */,
			);
			name = LaunchScreen.xib;
			sourceTree = "<group>";
		};
/* End PBXVariantGroup section */

/* Begin XCBuildConfiguration section */
		43FFDD9C19FAA7F4003713B7 /* Debug */ = {
			isa = XCBuildConfiguration;
			buildSettings = {
				ALWAYS_SEARCH_USER_PATHS = NO;
				CLANG_CXX_LANGUAGE_STANDARD = "gnu++0x";
				CLANG_CXX_LIBRARY = "libc++";
				CLANG_ENABLE_MODULES = YES;
				CLANG_ENABLE_OBJC_ARC = YES;
				CLANG_WARN_BOOL_CONVERSION = YES;
				CLANG_WARN_CONSTANT_CONVERSION = YES;
				CLANG_WARN_DIRECT_OBJC_ISA_USAGE = YES_ERROR;
				CLANG_WARN_EMPTY_BODY = YES;
				CLANG_WARN_ENUM_CONVERSION = YES;
				CLANG_WARN_INT_CONVERSION = YES;
				CLANG_WARN_OBJC_ROOT_CLASS = YES_ERROR;
				CLANG_WARN_UNREACHABLE_CODE = YES;
				CLANG_WARN__DUPLICATE_METHOD_MATCH = YES;
				"CODE_SIGN_IDENTITY[sdk=iphoneos*]" = "iPhone Developer";
				COPY_PHASE_STRIP = NO;
				ENABLE_STRICT_OBJC_MSGSEND = YES;
				GCC_C_LANGUAGE_STANDARD = gnu99;
				GCC_DYNAMIC_NO_PIC = NO;
				GCC_OPTIMIZATION_LEVEL = 0;
				GCC_PREPROCESSOR_DEFINITIONS = (
					"DEBUG=1",
					"$(inherited)",
				);
				GCC_SYMBOLS_PRIVATE_EXTERN = NO;
				GCC_WARN_64_TO_32_BIT_CONVERSION = YES;
				GCC_WARN_ABOUT_RETURN_TYPE = YES_ERROR;
				GCC_WARN_UNDECLARED_SELECTOR = YES;
				GCC_WARN_UNINITIALIZED_AUTOS = YES_AGGRESSIVE;
				GCC_WARN_UNUSED_FUNCTION = YES;
				GCC_WARN_UNUSED_VARIABLE = YES;
				IPHONEOS_DEPLOYMENT_TARGET = 8.1;
				MTL_ENABLE_DEBUG_INFO = YES;
				ONLY_ACTIVE_ARCH = YES;
				SDKROOT = iphoneos;
				SWIFT_OPTIMIZATION_LEVEL = "-Onone";
				TARGETED_DEVICE_FAMILY = "1,2";
			};
			name = Debug;
		};
		43FFDD9D19FAA7F4003713B7 /* Release */ = {
			isa = XCBuildConfiguration;
			buildSettings = {
				ALWAYS_SEARCH_USER_PATHS = NO;
				CLANG_CXX_LANGUAGE_STANDARD = "gnu++0x";
				CLANG_CXX_LIBRARY = "libc++";
				CLANG_ENABLE_MODULES = YES;
				CLANG_ENABLE_OBJC_ARC = YES;
				CLANG_WARN_BOOL_CONVERSION = YES;
				CLANG_WARN_CONSTANT_CONVERSION = YES;
				CLANG_WARN_DIRECT_OBJC_ISA_USAGE = YES_ERROR;
				CLANG_WARN_EMPTY_BODY = YES;
				CLANG_WARN_ENUM_CONVERSION = YES;
				CLANG_WARN_INT_CONVERSION = YES;
				CLANG_WARN_OBJC_ROOT_CLASS = YES_ERROR;
				CLANG_WARN_UNREACHABLE_CODE = YES;
				CLANG_WARN__DUPLICATE_METHOD_MATCH = YES;
				"CODE_SIGN_IDENTITY[sdk=iphoneos*]" = "iPhone Developer";
				COPY_PHASE_STRIP = YES;
				ENABLE_NS_ASSERTIONS = NO;
				ENABLE_STRICT_OBJC_MSGSEND = YES;
				GCC_C_LANGUAGE_STANDARD = gnu99;
				GCC_WARN_64_TO_32_BIT_CONVERSION = YES;
				GCC_WARN_ABOUT_RETURN_TYPE = YES_ERROR;
				GCC_WARN_UNDECLARED_SELECTOR = YES;
				GCC_WARN_UNINITIALIZED_AUTOS = YES_AGGRESSIVE;
				GCC_WARN_UNUSED_FUNCTION = YES;
				GCC_WARN_UNUSED_VARIABLE = YES;
				IPHONEOS_DEPLOYMENT_TARGET = 8.1;
				MTL_ENABLE_DEBUG_INFO = NO;
				SDKROOT = iphoneos;
				TARGETED_DEVICE_FAMILY = "1,2";
				VALIDATE_PRODUCT = YES;
			};
			name = Release;
		};
		43FFDD9F19FAA7F4003713B7 /* Debug */ = {
			isa = XCBuildConfiguration;
			buildSettings = {
				ASSETCATALOG_COMPILER_APPICON_NAME = AppIcon;
				INFOPLIST_FILE = Postcard/Info.plist;
				LD_RUNPATH_SEARCH_PATHS = "$(inherited) @executable_path/Frameworks";
				PRODUCT_NAME = "$(TARGET_NAME)";
			};
			name = Debug;
		};
		43FFDDA019FAA7F4003713B7 /* Release */ = {
			isa = XCBuildConfiguration;
			buildSettings = {
				ASSETCATALOG_COMPILER_APPICON_NAME = AppIcon;
				INFOPLIST_FILE = Postcard/Info.plist;
				LD_RUNPATH_SEARCH_PATHS = "$(inherited) @executable_path/Frameworks";
				PRODUCT_NAME = "$(TARGET_NAME)";
			};
			name = Release;
		};
		43FFDDA219FAA7F4003713B7 /* Debug */ = {
			isa = XCBuildConfiguration;
			buildSettings = {
				BUNDLE_LOADER = "$(TEST_HOST)";
				FRAMEWORK_SEARCH_PATHS = (
					"$(SDKROOT)/Developer/Library/Frameworks",
					"$(inherited)",
				);
				GCC_PREPROCESSOR_DEFINITIONS = (
					"DEBUG=1",
					"$(inherited)",
				);
				INFOPLIST_FILE = PostcardTests/Info.plist;
				LD_RUNPATH_SEARCH_PATHS = "$(inherited) @executable_path/Frameworks @loader_path/Frameworks";
				PRODUCT_NAME = "$(TARGET_NAME)";
				TEST_HOST = "$(BUILT_PRODUCTS_DIR)/Postcard.app/Postcard";
			};
			name = Debug;
		};
		43FFDDA319FAA7F4003713B7 /* Release */ = {
			isa = XCBuildConfiguration;
			buildSettings = {
				BUNDLE_LOADER = "$(TEST_HOST)";
				FRAMEWORK_SEARCH_PATHS = (
					"$(SDKROOT)/Developer/Library/Frameworks",
					"$(inherited)",
				);
				INFOPLIST_FILE = PostcardTests/Info.plist;
				LD_RUNPATH_SEARCH_PATHS = "$(inherited) @executable_path/Frameworks @loader_path/Frameworks";
				PRODUCT_NAME = "$(TARGET_NAME)";
				TEST_HOST = "$(BUILT_PRODUCTS_DIR)/Postcard.app/Postcard";
			};
			name = Release;
		};
/* End XCBuildConfiguration section */

/* Begin XCConfigurationList section */
		43FFDD7A19FAA7F4003713B7 /* Build configuration list for PBXProject "Postcard" */ = {
			isa = XCConfigurationList;
			buildConfigurations = (
				43FFDD9C19FAA7F4003713B7 /* Debug */,
				43FFDD9D19FAA7F4003713B7 /* Release */,
			);
			defaultConfigurationIsVisible = 0;
			defaultConfigurationName = Release;
		};
		43FFDD9E19FAA7F4003713B7 /* Build configuration list for PBXNativeTarget "Postcard" */ = {
			isa = XCConfigurationList;
			buildConfigurations = (
				43FFDD9F19FAA7F4003713B7 /* Debug */,
				43FFDDA019FAA7F4003713B7 /* Release */,
			);
			defaultConfigurationIsVisible = 0;
		};
		43FFDDA119FAA7F4003713B7 /* Build configuration list for PBXNativeTarget "PostcardTests" */ = {
			isa = XCConfigurationList;
			buildConfigurations = (
				43FFDDA219FAA7F4003713B7 /* Debug */,
				43FFDDA319FAA7F4003713B7 /* Release */,
			);
			defaultConfigurationIsVisible = 0;
		};
/* End XCConfigurationList section */
	};
	rootObject = 43FFDD7719FAA7F4003713B7 /* Project object */;
}
